{
  "name": "file-upload-hapi",
  "version": "1.0.0",
  "lockfileVersion": 1,
  "requires": true,
  "dependencies": {
    "@types/geojson": {
      "version": "1.0.6",
      "resolved": "http://registry.npm.taobao.org/@types/geojson/download/@types/geojson-1.0.6.tgz",
      "integrity": "sha1-PgKXJyjGkkjCrwjWCkjLuGgP/98="
    },
    "@types/node": {
      "version": "10.3.3",
      "resolved": "http://registry.npm.taobao.org/@types/node/download/@types/node-10.3.3.tgz",
      "integrity": "sha1-h5jZ45ry+mBPcV7mprGXllKORsM="
    },
    "accept": {
      "version": "3.0.2",
      "resolved": "http://registry.npm.taobao.org/accept/download/accept-3.0.2.tgz",
      "integrity": "sha1-g+Qc7H4RSfP9R0iAQjhz22xsyaw=",
      "requires": {
        "boom": "7.2.0",
        "hoek": "5.0.3"
      },
      "dependencies": {
        "boom": {
          "version": "7.2.0",
          "resolved": "http://registry.npm.taobao.org/boom/download/boom-7.2.0.tgz",
          "integrity": "sha1-K/8kpVVldn/ehp7ICDF+sQxI6WY=",
          "requires": {
            "hoek": "5.0.3"
          }
        }
      }
    },
    "ammo": {
      "version": "3.0.1",
      "resolved": "http://registry.npm.taobao.org/ammo/download/ammo-3.0.1.tgz",
      "integrity": "sha1-x5zurDb7TlUIXqP+DC9Cv6X3yRQ=",
      "requires": {
        "hoek": "5.0.3"
      }
    },
    "ansicolors": {
      "version": "0.2.1",
      "resolved": "http://registry.npm.taobao.org/ansicolors/download/ansicolors-0.2.1.tgz",
      "integrity": "sha1-vgiVmQl7dKXJxKhKDNvNtivYeu8="
    },
    "b64": {
      "version": "4.0.0",
      "resolved": "http://registry.npm.taobao.org/b64/download/b64-4.0.0.tgz",
      "integrity": "sha1-w39Yfwo4PHAZ6CESDow/WPDSJ3I="
    },
    "big-time": {
      "version": "2.0.1",
      "resolved": "http://registry.npm.taobao.org/big-time/download/big-time-2.0.1.tgz",
      "integrity": "sha1-aMffjcMPl+lT8lpnp2rJcTwWyd4="
    },
    "bluebird": {
      "version": "3.5.1",
      "resolved": "http://registry.npm.taobao.org/bluebird/download/bluebird-3.5.1.tgz",
      "integrity": "sha1-2VUfnemPH82h5oPRfukaBgLuLrk="
    },
    "bounce": {
      "version": "1.2.0",
      "resolved": "http://registry.npm.taobao.org/bounce/download/bounce-1.2.0.tgz",
      "integrity": "sha1-47rGjHP9JW44CWVR78CfUEhzyMg=",
      "requires": {
        "boom": "7.2.0",
        "hoek": "5.0.3"
      },
      "dependencies": {
        "boom": {
          "version": "7.2.0",
          "resolved": "http://registry.npm.taobao.org/boom/download/boom-7.2.0.tgz",
          "integrity": "sha1-K/8kpVVldn/ehp7ICDF+sQxI6WY=",
          "requires": {
            "hoek": "5.0.3"
          }
        }
      }
    },
    "call": {
      "version": "5.0.1",
      "resolved": "http://registry.npm.taobao.org/call/download/call-5.0.1.tgz",
      "integrity": "sha1-rBtcEG2e3CoXrypKT3TdTwwG6RA=",
      "requires": {
        "boom": "7.2.0",
        "hoek": "5.0.3"
      },
      "dependencies": {
        "boom": {
          "version": "7.2.0",
          "resolved": "http://registry.npm.taobao.org/boom/download/boom-7.2.0.tgz",
          "integrity": "sha1-K/8kpVVldn/ehp7ICDF+sQxI6WY=",
          "requires": {
            "hoek": "5.0.3"
          }
        }
      }
    },
    "cardinal": {
      "version": "1.0.0",
      "resolved": "http://registry.npm.taobao.org/cardinal/download/cardinal-1.0.0.tgz",
      "integrity": "sha1-UOIcGwqjdyn5N33vGWtanOyTLuk=",
      "requires": {
        "ansicolors": "0.2.1",
        "redeyed": "1.0.1"
      }
    },
    "catbox": {
      "version": "10.0.2",
      "resolved": "http://registry.npm.taobao.org/catbox/download/catbox-10.0.2.tgz",
      "integrity": "sha1-5qwfNRAtGpvQeRW4LlCNErUKi/o=",
      "requires": {
        "boom": "7.2.0",
        "bounce": "1.2.0",
        "hoek": "5.0.3",
        "joi": "13.4.0"
      },
      "dependencies": {
        "boom": {
          "version": "7.2.0",
          "resolved": "http://registry.npm.taobao.org/boom/download/boom-7.2.0.tgz",
          "integrity": "sha1-K/8kpVVldn/ehp7ICDF+sQxI6WY=",
          "requires": {
            "hoek": "5.0.3"
          }
        }
      }
    },
    "catbox-memory": {
      "version": "3.1.2",
      "resolved": "http://registry.npm.taobao.org/catbox-memory/download/catbox-memory-3.1.2.tgz",
      "integrity": "sha1-Su7BvJlEGcD35gCH8XKq7dm0kRw=",
      "requires": {
        "big-time": "2.0.1",
        "boom": "7.2.0",
        "hoek": "5.0.3"
      },
      "dependencies": {
        "boom": {
          "version": "7.2.0",
          "resolved": "http://registry.npm.taobao.org/boom/download/boom-7.2.0.tgz",
          "integrity": "sha1-K/8kpVVldn/ehp7ICDF+sQxI6WY=",
          "requires": {
            "hoek": "5.0.3"
          }
        }
      }
    },
    "cls-bluebird": {
      "version": "2.1.0",
      "resolved": "http://registry.npm.taobao.org/cls-bluebird/download/cls-bluebird-2.1.0.tgz",
      "integrity": "sha1-N+8eCAqP+1XC9BZPU28ZGeeWiu4=",
      "requires": {
        "is-bluebird": "1.0.2",
        "shimmer": "1.2.0"
      }
    },
    "content": {
      "version": "4.0.5",
      "resolved": "http://registry.npm.taobao.org/content/download/content-4.0.5.tgz",
      "integrity": "sha1-vFR96ryImrabzhf681hcKfTEG/I=",
      "requires": {
        "boom": "7.2.0"
      },
      "dependencies": {
        "boom": {
          "version": "7.2.0",
          "resolved": "http://registry.npm.taobao.org/boom/download/boom-7.2.0.tgz",
          "integrity": "sha1-K/8kpVVldn/ehp7ICDF+sQxI6WY=",
          "requires": {
            "hoek": "5.0.3"
          }
        }
      }
    },
    "core-util-is": {
      "version": "1.0.2",
      "resolved": "http://registry.npm.taobao.org/core-util-is/download/core-util-is-1.0.2.tgz",
      "integrity": "sha1-tf1UIgqivFq1eqtxQMlAdUUDwac="
    },
    "cryptiles": {
      "version": "4.1.1",
      "resolved": "http://registry.npm.taobao.org/cryptiles/download/cryptiles-4.1.1.tgz",
      "integrity": "sha1-FpJWud+f48c/gIXJnjCzIkfUq0Y=",
      "requires": {
        "boom": "7.2.0"
      },
      "dependencies": {
        "boom": {
          "version": "7.2.0",
          "resolved": "http://registry.npm.taobao.org/boom/download/boom-7.2.0.tgz",
          "integrity": "sha1-K/8kpVVldn/ehp7ICDF+sQxI6WY=",
          "requires": {
            "hoek": "5.0.3"
          }
        }
      }
    },
    "debug": {
      "version": "3.1.0",
      "resolved": "http://registry.npm.taobao.org/debug/download/debug-3.1.0.tgz",
      "integrity": "sha1-W7WgZyYotkFJVmuhaBnmFRjGcmE=",
      "requires": {
        "ms": "2.0.0"
      }
    },
    "denque": {
      "version": "1.2.3",
      "resolved": "http://registry.npm.taobao.org/denque/download/denque-1.2.3.tgz",
      "integrity": "sha1-mMUMjdjN+uMYzFhZzI7j2g+bDMI="
    },
    "depd": {
      "version": "1.1.2",
      "resolved": "http://registry.npm.taobao.org/depd/download/depd-1.1.2.tgz",
      "integrity": "sha1-m81S4UwJd2PnSbJ0xDRu0uVgtak="
    },
    "dottie": {
      "version": "2.0.0",
      "resolved": "http://registry.npm.taobao.org/dottie/download/dottie-2.0.0.tgz",
      "integrity": "sha1-2hkZgci41xPKARXViYzzl8Lw3dA="
    },
    "esprima": {
      "version": "3.0.0",
      "resolved": "http://registry.npm.taobao.org/esprima/download/esprima-3.0.0.tgz",
      "integrity": "sha1-U88kes2ncxPlUcOqLnM0LT+099k="
    },
    "generate-function": {
      "version": "2.0.0",
      "resolved": "http://registry.npm.taobao.org/generate-function/download/generate-function-2.0.0.tgz",
      "integrity": "sha1-aFj+fAlpt9TpCTM3ZHrHn2DfvnQ="
    },
    "generic-pool": {
      "version": "3.4.2",
      "resolved": "http://registry.npm.taobao.org/generic-pool/download/generic-pool-3.4.2.tgz",
      "integrity": "sha1-kv9xllINZwg5pnMICSoSqt8valk="
    },
    "hapi": {
      "version": "17.5.1",
      "resolved": "http://registry.npm.taobao.org/hapi/download/hapi-17.5.1.tgz",
      "integrity": "sha1-Dmyl09kIxMliAyIcnCRuI/zktJs=",
      "requires": {
        "accept": "3.0.2",
        "ammo": "3.0.1",
        "boom": "7.2.0",
        "bounce": "1.2.0",
        "call": "5.0.1",
        "catbox": "10.0.2",
        "catbox-memory": "3.1.2",
        "heavy": "6.1.0",
        "hoek": "5.0.3",
        "joi": "13.4.0",
        "mimos": "4.0.0",
        "podium": "3.1.2",
        "shot": "4.0.5",
        "statehood": "6.0.6",
        "subtext": "6.0.7",
        "teamwork": "3.0.1",
        "topo": "3.0.0"
      },
      "dependencies": {
        "boom": {
          "version": "7.2.0",
          "resolved": "http://registry.npm.taobao.org/boom/download/boom-7.2.0.tgz",
          "integrity": "sha1-K/8kpVVldn/ehp7ICDF+sQxI6WY=",
          "requires": {
            "hoek": "5.0.3"
          }
        }
      }
    },
    "heavy": {
      "version": "6.1.0",
      "resolved": "http://registry.npm.taobao.org/heavy/download/heavy-6.1.0.tgz",
      "integrity": "sha1-G7+kPcYd1LVD7eP/h9uDBreWcnQ=",
      "requires": {
        "boom": "7.2.0",
        "hoek": "5.0.3",
        "joi": "13.4.0"
      },
      "dependencies": {
        "boom": {
          "version": "7.2.0",
          "resolved": "http://registry.npm.taobao.org/boom/download/boom-7.2.0.tgz",
          "integrity": "sha1-K/8kpVVldn/ehp7ICDF+sQxI6WY=",
          "requires": {
            "hoek": "5.0.3"
          }
        }
      }
    },
    "hoek": {
      "version": "5.0.3",
      "resolved": "http://registry.npm.taobao.org/hoek/download/hoek-5.0.3.tgz",
      "integrity": "sha1-tx1A2UPQqV2gGVa1R/g8SltKNKw="
    },
    "iconv-lite": {
      "version": "0.4.23",
      "resolved": "http://registry.npm.taobao.org/iconv-lite/download/iconv-lite-0.4.23.tgz",
      "integrity": "sha1-KXhx9jvlB63Pv8pxXQzQ7thOmmM=",
      "requires": {
        "safer-buffer": "2.1.2"
      }
    },
    "inflection": {
      "version": "1.12.0",
      "resolved": "http://registry.npm.taobao.org/inflection/download/inflection-1.12.0.tgz",
      "integrity": "sha1-ogCTVlbW9fa8TcdQLhrstwMihBY="
    },
    "inherits": {
      "version": "2.0.3",
      "resolved": "http://registry.npm.taobao.org/inherits/download/inherits-2.0.3.tgz",
      "integrity": "sha1-Yzwsg+PaQqUC9SRmAiSA9CCCYd4="
    },
    "iron": {
      "version": "5.0.4",
      "resolved": "http://registry.npm.taobao.org/iron/download/iron-5.0.4.tgz",
      "integrity": "sha1-AD7YIvZW8HwrYnYoFfXeOUcyaGc=",
      "requires": {
        "boom": "7.2.0",
        "cryptiles": "4.1.1",
        "hoek": "5.0.3"
      },
      "dependencies": {
        "boom": {
          "version": "7.2.0",
          "resolved": "http://registry.npm.taobao.org/boom/download/boom-7.2.0.tgz",
          "integrity": "sha1-K/8kpVVldn/ehp7ICDF+sQxI6WY=",
          "requires": {
            "hoek": "5.0.3"
          }
        }
      }
    },
    "is-bluebird": {
      "version": "1.0.2",
      "resolved": "http://registry.npm.taobao.org/is-bluebird/download/is-bluebird-1.0.2.tgz",
      "integrity": "sha1-CWQ5Bg9KpBGr7hkUOoTWpVNG1uI="
    },
    "isarray": {
      "version": "1.0.0",
      "resolved": "http://registry.npm.taobao.org/isarray/download/isarray-1.0.0.tgz",
      "integrity": "sha1-u5NdSFgsuhaMBoNJV6VKPgcSTxE="
    },
    "isemail": {
      "version": "3.1.2",
      "resolved": "http://registry.npm.taobao.org/isemail/download/isemail-3.1.2.tgz",
      "integrity": "sha1-k3z5GQAgd5mac+qLGVHVkOhOAd0=",
      "requires": {
        "punycode": "2.1.1"
      }
    },
    "joi": {
      "version": "13.4.0",
      "resolved": "http://registry.npm.taobao.org/joi/download/joi-13.4.0.tgz",
      "integrity": "sha1-r8NZ7j2Lxfm5umzcMbRtRK8Uzsw=",
      "requires": {
        "hoek": "5.0.3",
        "isemail": "3.1.2",
        "topo": "3.0.0"
      }
    },
    "lodash": {
      "version": "4.17.10",
      "resolved": "http://registry.npm.taobao.org/lodash/download/lodash-4.17.10.tgz",
      "integrity": "sha1-G3eTz3JZ6jj7NmHU04syYK+K5Oc="
    },
    "long": {
      "version": "4.0.0",
      "resolved": "http://registry.npm.taobao.org/long/download/long-4.0.0.tgz",
      "integrity": "sha1-mntxz7fTYaGU6lVSQckvdGjVvyg="
    },
    "lru-cache": {
      "version": "4.1.1",
      "resolved": "http://registry.npm.taobao.org/lru-cache/download/lru-cache-4.1.1.tgz",
      "integrity": "sha1-Yi4y6CSItJJ5EUpPns9F581rulU=",
      "requires": {
        "pseudomap": "1.0.2",
        "yallist": "2.1.2"
      }
    },
    "mime-db": {
      "version": "1.34.0",
      "resolved": "http://registry.npm.taobao.org/mime-db/download/mime-db-1.34.0.tgz",
      "integrity": "sha1-RS0Oz/XDA0am3B5kseruDTcZ/5o="
    },
    "mimos": {
      "version": "4.0.0",
      "resolved": "http://registry.npm.taobao.org/mimos/download/mimos-4.0.0.tgz",
      "integrity": "sha1-duPScShDHLZIL9FbIEdXGa1ialo=",
      "requires": {
        "hoek": "5.0.3",
        "mime-db": "1.34.0"
      }
    },
    "moment": {
      "version": "2.22.2",
      "resolved": "http://registry.npm.taobao.org/moment/download/moment-2.22.2.tgz",
      "integrity": "sha1-PCV/mDn8DpP/UxSWMiOeuQeD/2Y="
    },
    "moment-timezone": {
      "version": "0.5.17",
      "resolved": "http://registry.npm.taobao.org/moment-timezone/download/moment-timezone-0.5.17.tgz",
      "integrity": "sha1-PI/vMgUdhMOvF02R3FKXfcsK1+U=",
      "requires": {
        "moment": "2.22.2"
      }
    },
    "ms": {
      "version": "2.0.0",
      "resolved": "http://registry.npm.taobao.org/ms/download/ms-2.0.0.tgz",
      "integrity": "sha1-VgiurfwAvmwpAd9fmGF4jeDVl8g="
    },
    "mysql2": {
      "version": "1.5.3",
      "resolved": "http://registry.npm.taobao.org/mysql2/download/mysql2-1.5.3.tgz",
      "integrity": "sha1-2QWhoG2gRpgoKHYIzmhke4EwdI8=",
      "requires": {
        "cardinal": "1.0.0",
        "denque": "1.2.3",
        "generate-function": "2.0.0",
        "iconv-lite": "0.4.23",
        "long": "4.0.0",
        "lru-cache": "4.1.1",
        "named-placeholders": "1.1.1",
        "object-assign": "4.1.1",
        "readable-stream": "2.3.5",
        "safe-buffer": "5.1.2",
        "seq-queue": "0.0.5",
        "sqlstring": "2.3.1"
      }
    },
    "named-placeholders": {
      "version": "1.1.1",
      "resolved": "http://registry.npm.taobao.org/named-placeholders/download/named-placeholders-1.1.1.tgz",
      "integrity": "sha1-O3oNJiA910s6nfTJz7gnsvuQfmQ=",
      "requires": {
        "lru-cache": "2.5.0"
      },
      "dependencies": {
        "lru-cache": {
          "version": "2.5.0",
          "resolved": "http://registry.npm.taobao.org/lru-cache/download/lru-cache-2.5.0.tgz",
          "integrity": "sha1-2COIrpyWC+y+oMc7uet5tsbOmus="
        }
      }
    },
    "nigel": {
      "version": "3.0.1",
      "resolved": "http://registry.npm.taobao.org/nigel/download/nigel-3.0.1.tgz",
      "integrity": "sha1-SKCIWdZRdzEvHCWvclLB4HuwfCo=",
      "requires": {
        "hoek": "5.0.3",
        "vise": "3.0.0"
      }
    },
    "object-assign": {
      "version": "4.1.1",
      "resolved": "http://registry.npm.taobao.org/object-assign/download/object-assign-4.1.1.tgz",
      "integrity": "sha1-IQmtx5ZYh8/AXLvUQsrIv7s2CGM="
    },
    "pez": {
      "version": "4.0.2",
      "resolved": "http://registry.npm.taobao.org/pez/download/pez-4.0.2.tgz",
      "integrity": "sha1-CnyBtklo6QsOlWKzmPOQk56cS1M=",
      "requires": {
        "b64": "4.0.0",
        "boom": "7.2.0",
        "content": "4.0.5",
        "hoek": "5.0.3",
        "nigel": "3.0.1"
      },
      "dependencies": {
        "boom": {
          "version": "7.2.0",
          "resolved": "http://registry.npm.taobao.org/boom/download/boom-7.2.0.tgz",
          "integrity": "sha1-K/8kpVVldn/ehp7ICDF+sQxI6WY=",
          "requires": {
            "hoek": "5.0.3"
          }
        }
      }
    },
    "podium": {
      "version": "3.1.2",
      "resolved": "http://registry.npm.taobao.org/podium/download/podium-3.1.2.tgz",
      "integrity": "sha1-twFClznPa93mswFa5rSNQAgXzp4=",
      "requires": {
        "hoek": "5.0.3",
        "joi": "13.4.0"
      }
    },
    "process-nextick-args": {
      "version": "2.0.0",
      "resolved": "http://registry.npm.taobao.org/process-nextick-args/download/process-nextick-args-2.0.0.tgz",
      "integrity": "sha1-o31zL0JxtKsa0HDTVQjoKQeI/6o="
    },
    "pseudomap": {
      "version": "1.0.2",
      "resolved": "http://registry.npm.taobao.org/pseudomap/download/pseudomap-1.0.2.tgz",
      "integrity": "sha1-8FKijacOYYkX7wqKw0wa5aaChrM="
    },
    "punycode": {
      "version": "2.1.1",
      "resolved": "http://registry.npm.taobao.org/punycode/download/punycode-2.1.1.tgz",
      "integrity": "sha1-tYsBCsQMIsVldhbI0sLALHv0eew="
    },
    "readable-stream": {
      "version": "2.3.5",
      "resolved": "http://registry.npm.taobao.org/readable-stream/download/readable-stream-2.3.5.tgz",
      "integrity": "sha1-tPhQA6k4y7bsvOKhJPsQEr0ag40=",
      "requires": {
        "core-util-is": "1.0.2",
        "inherits": "2.0.3",
        "isarray": "1.0.0",
        "process-nextick-args": "2.0.0",
        "safe-buffer": "5.1.2",
        "string_decoder": "1.0.3",
        "util-deprecate": "1.0.2"
      }
    },
    "redeyed": {
      "version": "1.0.1",
      "resolved": "http://registry.npm.taobao.org/redeyed/download/redeyed-1.0.1.tgz",
      "integrity": "sha1-6WwZO0DAgWsArshCaY5hGF5VSYo=",
      "requires": {
        "esprima": "3.0.0"
      }
    },
    "require-directory": {
      "version": "2.1.1",
      "resolved": "http://registry.npm.taobao.org/require-directory/download/require-directory-2.1.1.tgz",
      "integrity": "sha1-jGStX9MNqxyXbiNE/+f3kqam30I="
    },
    "retry-as-promised": {
      "version": "2.3.2",
      "resolved": "http://registry.npm.taobao.org/retry-as-promised/download/retry-as-promised-2.3.2.tgz",
      "integrity": "sha1-zZdO5P2bX+A8vzGHHuSCIcB3N7c=",
      "requires": {
        "bluebird": "3.5.1",
        "debug": "2.6.9"
      },
      "dependencies": {
        "debug": {
          "version": "2.6.9",
          "resolved": "http://registry.npm.taobao.org/debug/download/debug-2.6.9.tgz",
          "integrity": "sha1-XRKFFd8TT/Mn6QpMk/Tgd6U2NB8=",
          "requires": {
            "ms": "2.0.0"
          }
        }
      }
    },
    "safe-buffer": {
      "version": "5.1.2",
      "resolved": "http://registry.npm.taobao.org/safe-buffer/download/safe-buffer-5.1.2.tgz",
      "integrity": "sha1-mR7GnSluAxN0fVm9/St0XDX4go0="
    },
    "safer-buffer": {
      "version": "2.1.2",
      "resolved": "http://registry.npm.taobao.org/safer-buffer/download/safer-buffer-2.1.2.tgz",
      "integrity": "sha1-RPoWGwGHuVSd2Eu5GAL5vYOFzWo="
    },
    "semver": {
      "version": "5.5.0",
      "resolved": "http://registry.npm.taobao.org/semver/download/semver-5.5.0.tgz",
      "integrity": "sha1-3Eu8emyp2Rbe5dQ1FvAJK1j3uKs="
    },
    "seq-queue": {
      "version": "0.0.5",
      "resolved": "http://registry.npm.taobao.org/seq-queue/download/seq-queue-0.0.5.tgz",
      "integrity": "sha1-1WgS4cAXpuTnw+Ojeh2m143TyT4="
    },
    "sequelize": {
      "version": "4.37.10",
      "resolved": "http://registry.npm.taobao.org/sequelize/download/sequelize-4.37.10.tgz",
      "integrity": "sha1-HMylcJVqW/4cTACrvJJ2M8qNEtg=",
      "requires": {
        "bluebird": "3.5.1",
        "cls-bluebird": "2.1.0",
        "debug": "3.1.0",
        "depd": "1.1.2",
        "dottie": "2.0.0",
        "generic-pool": "3.4.2",
        "inflection": "1.12.0",
        "lodash": "4.17.10",
        "moment": "2.22.2",
        "moment-timezone": "0.5.17",
        "retry-as-promised": "2.3.2",
        "semver": "5.5.0",
        "terraformer-wkt-parser": "1.2.0",
        "toposort-class": "1.0.1",
        "uuid": "3.2.1",
        "validator": "9.4.1",
        "wkx": "0.4.5"
      },
      "dependencies": {
        "uuid": {
          "version": "3.2.1",
          "resolved": "http://registry.npm.taobao.org/uuid/download/uuid-3.2.1.tgz",
          "integrity": "sha1-EsUou51Y0LkmXZovbw/ovhf/HxQ="
        }
      }
    },
    "shimmer": {
      "version": "1.2.0",
      "resolved": "http://registry.npm.taobao.org/shimmer/download/shimmer-1.2.0.tgz",
      "integrity": "sha1-+Wb3VVeJdj502IQRk2haXnhzZmU="
    },
    "shot": {
      "version": "4.0.5",
      "resolved": "http://registry.npm.taobao.org/shot/download/shot-4.0.5.tgz",
      "integrity": "sha1-x+dFXRHWD2ts08Q+FaO0McF+VWY=",
      "requires": {
        "hoek": "5.0.3",
        "joi": "13.4.0"
      }
    },
    "sqlstring": {
      "version": "2.3.1",
      "resolved": "http://registry.npm.taobao.org/sqlstring/download/sqlstring-2.3.1.tgz",
      "integrity": "sha1-R1OT/56RR5rqYtyvDKPRSYOn+0A="
    },
    "statehood": {
      "version": "6.0.6",
      "resolved": "http://registry.npm.taobao.org/statehood/download/statehood-6.0.6.tgz",
      "integrity": "sha1-Db18UHdNP2GiTkKwZzCTu8gfpfA=",
      "requires": {
        "boom": "7.2.0",
        "bounce": "1.2.0",
        "cryptiles": "4.1.1",
        "hoek": "5.0.3",
        "iron": "5.0.4",
        "joi": "13.4.0"
      },
      "dependencies": {
        "boom": {
          "version": "7.2.0",
          "resolved": "http://registry.npm.taobao.org/boom/download/boom-7.2.0.tgz",
          "integrity": "sha1-K/8kpVVldn/ehp7ICDF+sQxI6WY=",
          "requires": {
            "hoek": "5.0.3"
          }
        }
      }
    },
    "string_decoder": {
      "version": "1.0.3",
      "resolved": "http://registry.npm.taobao.org/string_decoder/download/string_decoder-1.0.3.tgz",
      "integrity": "sha1-D8Z9fBQYJd6UKC3VNr7GubzoYKs=",
      "requires": {
        "safe-buffer": "5.1.2"
      }
    },
    "subtext": {
      "version": "6.0.7",
      "resolved": "http://registry.npm.taobao.org/subtext/download/subtext-6.0.7.tgz",
      "integrity": "sha1-jkCmeQGnNNWYFCZlyQ45g2m4hfk=",
      "requires": {
        "boom": "7.2.0",
        "content": "4.0.5",
        "hoek": "5.0.3",
        "pez": "4.0.2",
        "wreck": "14.0.2"
      },
      "dependencies": {
        "boom": {
          "version": "7.2.0",
          "resolved": "http://registry.npm.taobao.org/boom/download/boom-7.2.0.tgz",
          "integrity": "sha1-K/8kpVVldn/ehp7ICDF+sQxI6WY=",
          "requires": {
            "hoek": "5.0.3"
          }
        }
      }
    },
    "teamwork": {
      "version": "3.0.1",
      "resolved": "http://registry.npm.taobao.org/teamwork/download/teamwork-3.0.1.tgz",
      "integrity": "sha1-/zjHFh9B+AcLeBNxbrYVQDbs4ZY="
    },
    "terraformer": {
      "version": "1.0.9",
      "resolved": "http://registry.npm.taobao.org/terraformer/download/terraformer-1.0.9.tgz",
      "integrity": "sha1-d4Uf70pJyQs0XcU88mgJ/fKdzaY=",
      "requires": {
        "@types/geojson": "1.0.6"
      }
    },
    "terraformer-wkt-parser": {
      "version": "1.2.0",
      "resolved": "http://registry.npm.taobao.org/terraformer-wkt-parser/download/terraformer-wkt-parser-1.2.0.tgz",
      "integrity": "sha1-ydasPf8l9MC9NE6WH0JpSWGDTDQ=",
      "requires": {
        "@types/geojson": "1.0.6",
        "terraformer": "1.0.9"
      }
    },
    "topo": {
      "version": "3.0.0",
      "resolved": "http://registry.npm.taobao.org/topo/download/topo-3.0.0.tgz",
      "integrity": "sha1-N+SMMw7+rHhFOOCs0+YspeIx/no=",
      "requires": {
        "hoek": "5.0.3"
      }
    },
    "toposort-class": {
      "version": "1.0.1",
      "resolved": "http://registry.npm.taobao.org/toposort-class/download/toposort-class-1.0.1.tgz",
      "integrity": "sha1-f/0feMi+KMO6Rc1OGj9e4ZO9mYg="
    },
    "util-deprecate": {
      "version": "1.0.2",
      "resolved": "http://registry.npm.taobao.org/util-deprecate/download/util-deprecate-1.0.2.tgz",
      "integrity": "sha1-RQ1Nyfpw3nMnYvvS1KKJgUGaDM8="
    },
    "validator": {
      "version": "9.4.1",
      "resolved": "http://registry.npm.taobao.org/validator/download/validator-9.4.1.tgz",
      "integrity": "sha1-q/Rm05i1Yc0kMFARLG/x3mzBJmM="
    },
    "vise": {
      "version": "3.0.0",
      "resolved": "http://registry.npm.taobao.org/vise/download/vise-3.0.0.tgz",
      "integrity": "sha1-dq0UqzFmnFD7sIF7wOcv7cuzv0w=",
      "requires": {
        "hoek": "5.0.3"
      }
    },
    "wkx": {
      "version": "0.4.5",
      "resolved": "http://registry.npm.taobao.org/wkx/download/wkx-0.4.5.tgz",
      "integrity": "sha1-qF4VpuadG/rsLzxSO+PfpAq4YdA=",
      "requires": {
        "@types/node": "10.3.3"
      }
    },
    "wreck": {
      "version": "14.0.2",
      "resolved": "http://registry.npm.taobao.org/wreck/download/wreck-14.0.2.tgz",
      "integrity": "sha1-icF6kGHHRe0cOuvLZuoYHbqrRUw=",
      "requires": {
        "boom": "7.2.0",
        "hoek": "5.0.3"
      },
      "dependencies": {
        "boom": {
          "version": "7.2.0",
          "resolved": "http://registry.npm.taobao.org/boom/download/boom-7.2.0.tgz",
          "integrity": "sha1-K/8kpVVldn/ehp7ICDF+sQxI6WY=",
          "requires": {
            "hoek": "5.0.3"
          }
        }
      }
    },
    "yallist": {
      "version": "2.1.2",
      "resolved": "http://registry.npm.taobao.org/yallist/download/yallist-2.1.2.tgz",
      "integrity": "sha1-HBH5IY8HYImkfdUS+TxmmaaoHVI="
    }
  }
}
